
Microsoft Visual Studio Solution File, Format Version 12.00
# Visual Studio Version 17
VisualStudioVersion = 17.14.36915.13 d17.14
MinimumVisualStudioVersion = 10.0.40219.1
Project("{FAE04EC0-301F-11D3-BF4B-00C04F79EFBC}") = "ShiftsLogger.API.Patryk-MM", "ShiftsLogger.API.Patryk-MM\ShiftsLogger.API.Patryk-MM.csproj", "{51CDE583-E4B0-4A6A-B7BA-ADA21869055A}"
EndProject
Global
	GlobalSection(SolutionConfigurationPlatforms) = preSolution
		Debug|Any CPU = Debug|Any CPU
		Release|Any CPU = Release|Any CPU
	EndGlobalSection
	GlobalSection(ProjectConfigurationPlatforms) = postSolution
		{51CDE583-E4B0-4A6A-B7BA-ADA21869055A}.Debug|Any CPU.ActiveCfg = Debug|Any CPU
		{51CDE583-E4B0-4A6A-B7BA-ADA21869055A}.Debug|Any CPU.Build.0 = Debug|Any CPU
		{51CDE583-E4B0-4A6A-B7BA-ADA21869055A}.Release|Any CPU.ActiveCfg = Release|Any CPU
		{51CDE583-E4B0-4A6A-B7BA-ADA21869055A}.Release|Any CPU.Build.0 = Release|Any CPU
	EndGlobalSection
	GlobalSection(SolutionProperties) = preSolution
		HideSolutionNode = FALSE
	EndGlobalSection
	GlobalSection(ExtensibilityGlobals) = postSolution
		SolutionGuid = {859417F5-A2B0-4822-8C18-2B25A0129A46}
	EndGlobalSection
EndGlobal
